
Microsoft Visual Studio Solution File, Format Version 12.00
# Visual Studio Version 16
VisualStudioVersion = 16.0.30413.136
MinimumVisualStudioVersion = 10.0.40219.1
Project("{FAE04EC0-301F-11D3-BF4B-00C04F79EFBC}") = "Bilioteca", "Bilioteca\Bilioteca.csproj", "{47EA171D-FEBE-409D-80C4-DF5D0E27B84D}"
EndProject
Global
	GlobalSection(SolutionConfigurationPlatforms) = preSolution
		Debug|Any CPU = Debug|Any CPU
		Release|Any CPU = Release|Any CPU
	EndGlobalSection
	GlobalSection(ProjectConfigurationPlatforms) = postSolution
		{47EA171D-FEBE-409D-80C4-DF5D0E27B84D}.Debug|Any CPU.ActiveCfg = Debug|Any CPU
		{47EA171D-FEBE-409D-80C4-DF5D0E27B84D}.Debug|Any CPU.Build.0 = Debug|Any CPU
		{47EA171D-FEBE-409D-80C4-DF5D0E27B84D}.Release|Any CPU.ActiveCfg = Release|Any CPU
		{47EA171D-FEBE-409D-80C4-DF5D0E27B84D}.Release|Any CPU.Build.0 = Release|Any CPU
	EndGlobalSection
	GlobalSection(SolutionProperties) = preSolution
		HideSolutionNode = FALSE
	EndGlobalSection
	GlobalSection(ExtensibilityGlobals) = postSolution
		SolutionGuid = {E3F8CD4F-32A8-40A0-B77A-D0B664803126}
	EndGlobalSection
EndGlobal
